
Microsoft Visual Studio Solution File, Format Version 12.00
# Visual Studio Version 17
VisualStudioVersion = 17.0.32014.148
MinimumVisualStudioVersion = 10.0.40219.1
Project("{9A19103F-16F7-4668-BE54-9A1E7A4F7556}") = "bgbrokersapi", "bgbrokersapi.csproj", "{4513A5C6-6AC4-415D-9BB5-9D6E9AB0D8ED}"
EndProject
Global
	GlobalSection(SolutionConfigurationPlatforms) = preSolution
		Debug|Any CPU = Debug|Any CPU
		Release|Any CPU = Release|Any CPU
	EndGlobalSection
	GlobalSection(ProjectConfigurationPlatforms) = postSolution
		{4513A5C6-6AC4-415D-9BB5-9D6E9AB0D8ED}.Debug|Any CPU.ActiveCfg = Debug|Any CPU
		{4513A5C6-6AC4-415D-9BB5-9D6E9AB0D8ED}.Debug|Any CPU.Build.0 = Debug|Any CPU
		{4513A5C6-6AC4-415D-9BB5-9D6E9AB0D8ED}.Release|Any CPU.ActiveCfg = Release|Any CPU
		{4513A5C6-6AC4-415D-9BB5-9D6E9AB0D8ED}.Release|Any CPU.Build.0 = Release|Any CPU
	EndGlobalSection
	GlobalSection(SolutionProperties) = preSolution
		HideSolutionNode = FALSE
	EndGlobalSection
	GlobalSection(ExtensibilityGlobals) = postSolution
		SolutionGuid = {90128BB4-1A23-4D1C-B5F2-16C4D98D11BC}
	EndGlobalSection
EndGlobal
